# Generated by pub
# See https://dart.dev/tools/pub/glossary#lockfile
packages:
  _fe_analyzer_shared:
    dependency: transitive
    description:
      name: _fe_analyzer_shared
      sha256: "36a321c3d2cbe01cbcb3540a87b8843846e0206df3e691fa7b23e19e78de6d49"
      url: "https://pub.dev"
    source: hosted
    version: "65.0.0"
  alfred:
    dependency: "direct main"
    description:
      name: alfred
      sha256: "61c74bfccd41447ddb7eb76e0e1204e1b1da0c099d441d00fa8d2b86de5415e3"
      url: "https://pub.dev"
    source: hosted
    version: "1.1.1"
  analyzer:
    dependency: transitive
    description:
      name: analyzer
      sha256: dfe03b90ec022450e22513b5e5ca1f01c0c01de9c3fba2f7fd233cb57a6b9a07
      url: "https://pub.dev"
    source: hosted
    version: "6.3.0"
  args:
    dependency: transitive
    description:
      name: args
      sha256: eef6c46b622e0494a36c5a12d10d77fb4e855501a91c1b9ef9339326e58f0596
      url: "https://pub.dev"
    source: hosted
    version: "2.4.2"
  async:
    dependency: transitive
    description:
      name: async
      sha256: "947bfcf187f74dbc5e146c9eb9c0f10c9f8b30743e341481c1e2ed3ecc18c20c"
      url: "https://pub.dev"
    source: hosted
    version: "2.11.0"
  at_identifier:
    dependency: transitive
    description:
      name: at_identifier
      sha256: "128cfdc95a877973e3349845589f974043ca4c3ce55726e9b530ab866f39bc18"
      url: "https://pub.dev"
    source: hosted
    version: "0.2.0"
  at_uri:
    dependency: transitive
    description:
      name: at_uri
      sha256: "0a10c6b18c3deecd81ece36964ee698ee9ba3f8a07c870b2c9a0a76e432e8f7f"
      url: "https://pub.dev"
    source: hosted
    version: "0.2.2"
  atproto:
    dependency: "direct main"
    description:
      name: atproto
      sha256: c4c31d2d63e9138b85b63f3918c3b6e7e6fd3eba3137d8a6e05e3509826976ea
      url: "https://pub.dev"
    source: hosted
    version: "0.8.0"
  atproto_core:
    dependency: transitive
    description:
      name: atproto_core
      sha256: a097e57b9e7be451be55e4622b97d28c6fc85deca70b49687f09b5d32fcc2f11
      url: "https://pub.dev"
    source: hosted
    version: "0.6.0"
  base_codecs:
    dependency: "direct main"
    description:
      name: base_codecs
      sha256: "41701a12ede9912663decd708279924ece5018566daa7d1f484d5f4f10894f91"
      url: "https://pub.dev"
    source: hosted
    version: "1.0.1"
  bech32:
    dependency: "direct main"
    description:
      name: bech32
      sha256: "156cbace936f7720c79a79d16a03efad343b1ef17106716e04b8b8e39f99f7f7"
      url: "https://pub.dev"
    source: hosted
    version: "0.2.2"
  bip340:
    dependency: transitive
    description:
      name: bip340
      sha256: "2a92f6ed68959f75d67c9a304c17928b9c9449587d4f75ee68f34152f7f69e87"
      url: "https://pub.dev"
    source: hosted
    version: "0.2.0"
  bluesky:
    dependency: "direct main"
    description:
      name: bluesky
      sha256: "82f59c3c0af37b97788d2ac5991abe6c4e7bd56b6dbff3738b6183f595826efb"
      url: "https://pub.dev"
    source: hosted
    version: "0.10.0"
  boolean_selector:
    dependency: transitive
    description:
      name: boolean_selector
      sha256: "6cfb5af12253eaf2b368f07bacc5a80d1301a071c73360d746b7f2e32d762c66"
      url: "https://pub.dev"
    source: hosted
    version: "2.1.1"
  buffer:
    dependency: transitive
    description:
      name: buffer
      sha256: "94f60815065a8f0fd4f05be51faf86cf86519327e039d5c2aac72e1d1cc1dad4"
      url: "https://pub.dev"
    source: hosted
    version: "1.2.2"
  cbor:
    dependency: transitive
    description:
      name: cbor
      sha256: eccfcb3c16a46146517f6970d4d6df94bfd443e048d5825e85b9e23cc08d1132
      url: "https://pub.dev"
    source: hosted
    version: "6.1.1"
  clock:
    dependency: transitive
    description:
      name: clock
      sha256: cb6d7f03e1de671e34607e909a7213e31d7752be4fb66a86d29fe1eb14bfb5cf
      url: "https://pub.dev"
    source: hosted
    version: "1.1.1"
  collection:
    dependency: transitive
    description:
      name: collection
      sha256: ee67cb0715911d28db6bf4af1026078bd6f0128b07a5f66fb2ed94ec6783c09a
      url: "https://pub.dev"
    source: hosted
    version: "1.18.0"
  color:
    dependency: transitive
    description:
      name: color
      sha256: ddcdf1b3badd7008233f5acffaf20ca9f5dc2cd0172b75f68f24526a5f5725cb
      url: "https://pub.dev"
    source: hosted
    version: "3.0.0"
  convert:
    dependency: transitive
    description:
      name: convert
      sha256: "0f08b14755d163f6e2134cb58222dd25ea2a2ee8a195e53983d57c075324d592"
      url: "https://pub.dev"
    source: hosted
    version: "3.1.1"
  coverage:
    dependency: transitive
    description:
      name: coverage
      sha256: ac86d3abab0f165e4b8f561280ff4e066bceaac83c424dd19f1ae2c2fcd12ca9
      url: "https://pub.dev"
    source: hosted
    version: "1.7.1"
  crypto:
    dependency: transitive
    description:
      name: crypto
      sha256: ff625774173754681d66daaf4a448684fb04b78f902da9cb3d308c19cc5e8bab
      url: "https://pub.dev"
    source: hosted
    version: "3.0.3"
  csslib:
    dependency: transitive
    description:
      name: csslib
      sha256: "706b5707578e0c1b4b7550f64078f0a0f19dec3f50a178ffae7006b0a9ca58fb"
      url: "https://pub.dev"
    source: hosted
    version: "1.0.0"
  dart_multihash:
    dependency: transitive
    description:
      name: dart_multihash
      sha256: "7bef7091497c531f94bf82102805a69d97e4e5d120000dcbbc4a1da679060e0a"
      url: "https://pub.dev"
    source: hosted
    version: "1.0.1"
  dart_twitter_api:
    dependency: "direct main"
    description:
      name: dart_twitter_api
      sha256: "5c021a1e3aa386db711340bb4b233a676f05f29be3ba353fef74d9f31d30f628"
      url: "https://pub.dev"
    source: hosted
    version: "0.5.8"
  draw:
    dependency: "direct main"
    description:
      name: draw
      sha256: "8865143c19178d3b1eb35c6511526a2695aa770e51295cbd0b1848a3f2cd26f2"
      url: "https://pub.dev"
    source: hosted
    version: "1.1.0"
  faker:
    dependency: "direct main"
    description:
      name: faker
      sha256: "746e59f91d8b06a389e74cf76e909a05ed69c12691768e2f93557fdf29200fd0"
      url: "https://pub.dev"
    source: hosted
    version: "2.1.0"
  file:
    dependency: transitive
    description:
      name: file
      sha256: "5fc22d7c25582e38ad9a8515372cd9a93834027aacf1801cf01164dac0ffa08c"
      url: "https://pub.dev"
    source: hosted
    version: "7.0.0"
  freezed_annotation:
    dependency: transitive
    description:
      name: freezed_annotation
      sha256: c3fd9336eb55a38cc1bbd79ab17573113a8deccd0ecbbf926cca3c62803b5c2d
      url: "https://pub.dev"
    source: hosted
    version: "2.4.1"
  frontend_server_client:
    dependency: transitive
    description:
      name: frontend_server_client
      sha256: "408e3ca148b31c20282ad6f37ebfa6f4bdc8fede5b74bc2f08d9d92b55db3612"
      url: "https://pub.dev"
    source: hosted
    version: "3.2.0"
  glob:
    dependency: transitive
    description:
      name: glob
      sha256: "0e7014b3b7d4dac1ca4d6114f82bf1782ee86745b9b42a92c9289c23d8a0ab63"
      url: "https://pub.dev"
    source: hosted
    version: "2.1.2"
  hex:
    dependency: transitive
    description:
      name: hex
      sha256: "4e7cd54e4b59ba026432a6be2dd9d96e4c5205725194997193bf871703b82c4a"
      url: "https://pub.dev"
    source: hosted
    version: "0.2.0"
  html:
    dependency: transitive
    description:
      name: html
      sha256: "3a7812d5bcd2894edf53dfaf8cd640876cf6cef50a8f238745c8b8120ea74d3a"
      url: "https://pub.dev"
    source: hosted
    version: "0.15.4"
  html2md:
    dependency: "direct main"
    description:
      name: html2md
      sha256: "6f50cec926b0a09816aadb66a59e4cda45c91fd00551e5a8298870069729b508"
      url: "https://pub.dev"
    source: hosted
    version: "1.3.1"
  html_character_entities:
    dependency: "direct main"
    description:
      name: html_character_entities
      sha256: "0eaf2acb67feeae8aba67c113aedbda71a57a36c38e3670fd677ec26e397faa3"
      url: "https://pub.dev"
    source: hosted
    version: "1.0.0+1"
  html_unescape:
    dependency: "direct main"
    description:
      name: html_unescape
      sha256: "15362d7a18f19d7b742ef8dcb811f5fd2a2df98db9f80ea393c075189e0b61e3"
      url: "https://pub.dev"
    source: hosted
    version: "2.0.0"
  http:
    dependency: "direct main"
    description:
      name: http
      sha256: "759d1a329847dd0f39226c688d3e06a6b8679668e350e2891a6474f8b4bb8525"
      url: "https://pub.dev"
    source: hosted
    version: "1.1.0"
  http_multi_server:
    dependency: transitive
    description:
      name: http_multi_server
      sha256: "97486f20f9c2f7be8f514851703d0119c3596d14ea63227af6f7a481ef2b2f8b"
      url: "https://pub.dev"
    source: hosted
    version: "3.2.1"
  http_parser:
    dependency: transitive
    description:
      name: http_parser
      sha256: "2aa08ce0341cc9b354a498388e30986515406668dbcc4f7c950c3e715496693b"
      url: "https://pub.dev"
    source: hosted
    version: "4.0.2"
  ieee754:
    dependency: transitive
    description:
      name: ieee754
      sha256: "7d87451c164a56c156180d34a4e93779372edd191d2c219206100b976203128c"
      url: "https://pub.dev"
    source: hosted
    version: "1.0.3"
  ini:
    dependency: transitive
    description:
      name: ini
      sha256: "12a76c53591ffdf86d1265be3f986888a6dfeb34a85957774bc65912d989a173"
      url: "https://pub.dev"
    source: hosted
    version: "2.1.0"
  intl:
    dependency: "direct main"
    description:
      name: intl
      sha256: "910f85bce16fb5c6f614e117efa303e85a1731bb0081edf3604a2ae6e9a3cc91"
      url: "https://pub.dev"
    source: hosted
    version: "0.17.0"
  io:
    dependency: transitive
    description:
      name: io
      sha256: "2ec25704aba361659e10e3e5f5d672068d332fc8ac516421d483a11e5cbd061e"
      url: "https://pub.dev"
    source: hosted
    version: "1.0.4"
  js:
    dependency: transitive
    description:
      name: js
      sha256: f2c445dce49627136094980615a031419f7f3eb393237e4ecd97ac15dea343f3
      url: "https://pub.dev"
    source: hosted
    version: "0.6.7"
  json_annotation:
    dependency: transitive
    description:
      name: json_annotation
      sha256: b10a7b2ff83d83c777edba3c6a0f97045ddadd56c944e1a23a3fdf43a1bf4467
      url: "https://pub.dev"
    source: hosted
    version: "4.8.1"
  lib5:
    dependency: "direct main"
    description:
      name: lib5
      sha256: cf6654f67ed142049cfc98c14d3bea47d06175fc09ef9541db7a54adc9be85d0
      url: "https://pub.dev"
    source: hosted
    version: "0.1.0"
  lints:
    dependency: "direct dev"
    description:
      name: lints
      sha256: cbf8d4b858bb0134ef3ef87841abdf8d63bfc255c266b7bf6b39daa1085c4290
      url: "https://pub.dev"
    source: hosted
    version: "3.0.0"
  logger:
    dependency: "direct main"
    description:
      name: logger
      sha256: "6bbb9d6f7056729537a4309bda2e74e18e5d9f14302489cc1e93f33b3fe32cac"
      url: "https://pub.dev"
    source: hosted
    version: "2.0.2+1"
  logging:
    dependency: transitive
    description:
      name: logging
      sha256: "623a88c9594aa774443aa3eb2d41807a48486b5613e67599fb4c41c0ad47c340"
      url: "https://pub.dev"
    source: hosted
    version: "1.2.0"
  mastodon_api:
    dependency: "direct main"
    description:
      name: mastodon_api
      sha256: "7dd1e9c4586d1e300a0474196524d58ac0c05d22de3180d711724e9ecd1ece1e"
      url: "https://pub.dev"
    source: hosted
    version: "0.6.1"
  matcher:
    dependency: transitive
    description:
      name: matcher
      sha256: "1803e76e6653768d64ed8ff2e1e67bea3ad4b923eb5c56a295c3e634bad5960e"
      url: "https://pub.dev"
    source: hosted
    version: "0.12.16"
  meta:
    dependency: transitive
    description:
      name: meta
      sha256: d584fa6707a52763a52446f02cc621b077888fb63b93bbcb1143a7be5a0c0c04
      url: "https://pub.dev"
    source: hosted
    version: "1.11.0"
  mime:
    dependency: transitive
    description:
      name: mime
      sha256: e4ff8e8564c03f255408decd16e7899da1733852a9110a58fe6d1b817684a63e
      url: "https://pub.dev"
    source: hosted
    version: "1.0.4"
  mime_type:
    dependency: transitive
    description:
      name: mime_type
      sha256: "2ad6e67d3d2de9ac0f8ef5352d998fd103cb21351ae8c02fb0c78b079b37d275"
      url: "https://pub.dev"
    source: hosted
    version: "1.0.0"
  multiformats:
    dependency: transitive
    description:
      name: multiformats
      sha256: c3c6bb1be062333eff159f1d04fc3a1ed02c89a58d0fdaf59daaa8b7a6fd9e81
      url: "https://pub.dev"
    source: hosted
    version: "0.2.1"
  node_preamble:
    dependency: transitive
    description:
      name: node_preamble
      sha256: "6e7eac89047ab8a8d26cf16127b5ed26de65209847630400f9aefd7cd5c730db"
      url: "https://pub.dev"
    source: hosted
    version: "2.0.2"
  nostr:
    dependency: "direct main"
    description:
      name: nostr
      sha256: ad0f336ace426d1bbd9612611035eb438eff4b68f25802bcca6308ae7f7441ef
      url: "https://pub.dev"
    source: hosted
    version: "1.4.2"
  nsid:
    dependency: transitive
    description:
      name: nsid
      sha256: "65240e4cc13c1d1c096c65bffd8259998ea1dc46a8820150117b1a66baea6324"
      url: "https://pub.dev"
    source: hosted
    version: "0.2.1"
  oauth1:
    dependency: transitive
    description:
      name: oauth1
      sha256: bc23d3d5d36ba1cb39ba0f9ad18d29ab08a7c4e06f1d0fa7b2fb9b0225622873
      url: "https://pub.dev"
    source: hosted
    version: "2.0.0"
  oauth2:
    dependency: transitive
    description:
      name: oauth2
      sha256: c4013ef62be37744efdc0861878fd9e9285f34db1f9e331cc34100d7674feb42
      url: "https://pub.dev"
    source: hosted
    version: "2.0.2"
  package_config:
    dependency: transitive
    description:
      name: package_config
      sha256: "1c5b77ccc91e4823a5af61ee74e6b972db1ef98c2ff5a18d3161c982a55448bd"
      url: "https://pub.dev"
    source: hosted
    version: "2.1.0"
  path:
    dependency: "direct main"
    description:
      name: path
      sha256: "8829d8a55c13fc0e37127c29fedf290c102f4e40ae94ada574091fe0ff96c917"
      url: "https://pub.dev"
    source: hosted
    version: "1.8.3"
  petitparser:
    dependency: transitive
    description:
      name: petitparser
      sha256: eeb2d1428ee7f4170e2bd498827296a18d4e7fc462b71727d111c0ac7707cfa6
      url: "https://pub.dev"
    source: hosted
    version: "6.0.1"
  pointycastle:
    dependency: transitive
    description:
      name: pointycastle
      sha256: "7c1e5f0d23c9016c5bbd8b1473d0d3fb3fc851b876046039509e18e0c7485f2c"
      url: "https://pub.dev"
    source: hosted
    version: "3.7.3"
  pool:
    dependency: transitive
    description:
      name: pool
      sha256: "20fe868b6314b322ea036ba325e6fc0711a22948856475e2c2b6306e8ab39c2a"
      url: "https://pub.dev"
    source: hosted
    version: "1.5.1"
  pub_semver:
    dependency: transitive
    description:
      name: pub_semver
      sha256: "40d3ab1bbd474c4c2328c91e3a7df8c6dd629b79ece4c4bd04bee496a224fb0c"
      url: "https://pub.dev"
    source: hosted
    version: "2.1.4"
  queue:
    dependency: transitive
    description:
      name: queue
      sha256: "9a41ecadc15db79010108c06eae229a45c56b18db699760f34e8c9ac9b831ff9"
      url: "https://pub.dev"
    source: hosted
    version: "3.1.0+2"
  quiver:
    dependency: "direct main"
    description:
      name: quiver
      sha256: b1c1ac5ce6688d77f65f3375a9abb9319b3cb32486bdc7a1e0fdf004d7ba4e47
      url: "https://pub.dev"
    source: hosted
    version: "3.2.1"
  s5_msgpack:
    dependency: transitive
    description:
      name: s5_msgpack
      sha256: "6308b2a59c760aff1c43dff1dc0c3c332378dd73c93f0cadfea37961aee5a46f"
      url: "https://pub.dev"
    source: hosted
    version: "0.3.0"
  shelf:
    dependency: transitive
    description:
      name: shelf
      sha256: ad29c505aee705f41a4d8963641f91ac4cee3c8fad5947e033390a7bd8180fa4
      url: "https://pub.dev"
    source: hosted
    version: "1.4.1"
  shelf_packages_handler:
    dependency: transitive
    description:
      name: shelf_packages_handler
      sha256: "89f967eca29607c933ba9571d838be31d67f53f6e4ee15147d5dc2934fee1b1e"
      url: "https://pub.dev"
    source: hosted
    version: "3.0.2"
  shelf_static:
    dependency: transitive
    description:
      name: shelf_static
      sha256: a41d3f53c4adf0f57480578c1d61d90342cd617de7fc8077b1304643c2d85c1e
      url: "https://pub.dev"
    source: hosted
    version: "1.1.2"
  shelf_web_socket:
    dependency: transitive
    description:
      name: shelf_web_socket
      sha256: "9ca081be41c60190ebcb4766b2486a7d50261db7bd0f5d9615f2d653637a84c1"
      url: "https://pub.dev"
    source: hosted
    version: "1.0.4"
  source_map_stack_trace:
    dependency: transitive
    description:
      name: source_map_stack_trace
      sha256: "84cf769ad83aa6bb61e0aa5a18e53aea683395f196a6f39c4c881fb90ed4f7ae"
      url: "https://pub.dev"
    source: hosted
    version: "2.1.1"
  source_maps:
    dependency: transitive
    description:
      name: source_maps
      sha256: "708b3f6b97248e5781f493b765c3337db11c5d2c81c3094f10904bfa8004c703"
      url: "https://pub.dev"
    source: hosted
    version: "0.10.12"
  source_span:
    dependency: transitive
    description:
      name: source_span
      sha256: "53e943d4206a5e30df338fd4c6e7a077e02254531b138a15aec3bd143c1a8b3c"
      url: "https://pub.dev"
    source: hosted
    version: "1.10.0"
  stack_trace:
    dependency: transitive
    description:
      name: stack_trace
      sha256: "73713990125a6d93122541237550ee3352a2d84baad52d375a4cad2eb9b7ce0b"
      url: "https://pub.dev"
    source: hosted
    version: "1.11.1"
  stream_channel:
    dependency: transitive
    description:
      name: stream_channel
      sha256: ba2aa5d8cc609d96bbb2899c28934f9e1af5cddbd60a827822ea467161eb54e7
      url: "https://pub.dev"
    source: hosted
    version: "2.1.2"
  string_scanner:
    dependency: transitive
    description:
      name: string_scanner
      sha256: "556692adab6cfa87322a115640c11f13cb77b3f076ddcc5d6ae3c20242bedcde"
      url: "https://pub.dev"
    source: hosted
    version: "1.2.0"
  term_glyph:
    dependency: transitive
    description:
      name: term_glyph
      sha256: a29248a84fbb7c79282b40b8c72a1209db169a2e0542bce341da992fe1bc7e84
      url: "https://pub.dev"
    source: hosted
    version: "1.2.1"
  test:
    dependency: "direct dev"
    description:
      name: test
      sha256: a1f7595805820fcc05e5c52e3a231aedd0b72972cb333e8c738a8b1239448b6f
      url: "https://pub.dev"
    source: hosted
    version: "1.24.9"
  test_api:
    dependency: transitive
    description:
      name: test_api
      sha256: "5c2f730018264d276c20e4f1503fd1308dfbbae39ec8ee63c5236311ac06954b"
      url: "https://pub.dev"
    source: hosted
    version: "0.6.1"
  test_core:
    dependency: transitive
    description:
      name: test_core
      sha256: a757b14fc47507060a162cc2530d9a4a2f92f5100a952c7443b5cad5ef5b106a
      url: "https://pub.dev"
    source: hosted
    version: "0.5.9"
  thirds:
    dependency: "direct main"
    description:
      name: thirds
      sha256: c4b90a4e7f2deac52ebcf22dc7ebbc702578a063a739b3c31e4259a884abb951
      url: "https://pub.dev"
    source: hosted
    version: "0.2.0-alpha.1"
  typed_data:
    dependency: transitive
    description:
      name: typed_data
      sha256: facc8d6582f16042dd49f2463ff1bd6e2c9ef9f3d5da3d9b087e244a7b564b3c
      url: "https://pub.dev"
    source: hosted
    version: "1.3.2"
  universal_io:
    dependency: transitive
    description:
      name: universal_io
      sha256: "1722b2dcc462b4b2f3ee7d188dad008b6eb4c40bbd03a3de451d82c78bba9aad"
      url: "https://pub.dev"
    source: hosted
    version: "2.2.2"
  vm_service:
    dependency: transitive
    description:
      name: vm_service
      sha256: b3d56ff4341b8f182b96aceb2fa20e3dcb336b9f867bc0eafc0de10f1048e957
      url: "https://pub.dev"
    source: hosted
    version: "13.0.0"
  watcher:
    dependency: transitive
    description:
      name: watcher
      sha256: "3d2ad6751b3c16cf07c7fca317a1413b3f26530319181b37e3b9039b84fc01d8"
      url: "https://pub.dev"
    source: hosted
    version: "1.1.0"
  web_socket_channel:
    dependency: transitive
    description:
      name: web_socket_channel
      sha256: d88238e5eac9a42bb43ca4e721edba3c08c6354d4a53063afaa568516217621b
      url: "https://pub.dev"
    source: hosted
    version: "2.4.0"
  webkit_inspection_protocol:
    dependency: transitive
    description:
      name: webkit_inspection_protocol
      sha256: "87d3f2333bb240704cd3f1c6b5b7acd8a10e7f0bc28c28dcf14e782014f4a572"
      url: "https://pub.dev"
    source: hosted
    version: "1.2.1"
  xml:
    dependency: transitive
    description:
      name: xml
      sha256: af5e77e9b83f2f4adc5d3f0a4ece1c7f45a2467b695c2540381bac793e34e556
      url: "https://pub.dev"
    source: hosted
    version: "6.4.2"
  xml2json:
    dependency: "direct main"
    description:
      name: xml2json
      sha256: ffb6dc0132a59b2d10d1716aea34ff53fb0e5b73f46a347d302a1a993ea57675
      url: "https://pub.dev"
    source: hosted
    version: "6.2.1"
  xrpc:
    dependency: transitive
    description:
      name: xrpc
      sha256: "0e0d2d06914963d234d8f4b9c27bcb58f5175308d457701893fe69fe32057ca2"
      url: "https://pub.dev"
    source: hosted
    version: "0.4.0"
  yaml:
    dependency: transitive
    description:
      name: yaml
      sha256: "75769501ea3489fca56601ff33454fe45507ea3bfb014161abc3b43ae25989d5"
      url: "https://pub.dev"
    source: hosted
    version: "3.1.2"
  youtube_explode_dart:
    dependency: "direct main"
    description:
      name: youtube_explode_dart
      sha256: "98fd11b51adbbca76cbdb17f560168f1d7a9835cecceea965f49eb1e5eed155c"
      url: "https://pub.dev"
    source: hosted
    version: "2.0.2"
sdks:
  dart: ">=3.0.6 <4.0.0"
